
Microsoft Visual Studio Solution File, Format Version 12.00
# Visual Studio Version 17
VisualStudioVersion = 17.2.32630.192
MinimumVisualStudioVersion = 10.0.40219.1
Project("{FAE04EC0-301F-11D3-BF4B-00C04F79EFBC}") = "IdentityTemplate", "IdentityTemplate\IdentityTemplate.csproj", "{A5AD9533-816F-4548-A8C2-6B7FB9ABB6C8}"
EndProject
Global
	GlobalSection(SolutionConfigurationPlatforms) = preSolution
		Debug|Any CPU = Debug|Any CPU
		Release|Any CPU = Release|Any CPU
	EndGlobalSection
	GlobalSection(ProjectConfigurationPlatforms) = postSolution
		{A5AD9533-816F-4548-A8C2-6B7FB9ABB6C8}.Debug|Any CPU.ActiveCfg = Debug|Any CPU
		{A5AD9533-816F-4548-A8C2-6B7FB9ABB6C8}.Debug|Any CPU.Build.0 = Debug|Any CPU
		{A5AD9533-816F-4548-A8C2-6B7FB9ABB6C8}.Release|Any CPU.ActiveCfg = Release|Any CPU
		{A5AD9533-816F-4548-A8C2-6B7FB9ABB6C8}.Release|Any CPU.Build.0 = Release|Any CPU
	EndGlobalSection
	GlobalSection(SolutionProperties) = preSolution
		HideSolutionNode = FALSE
	EndGlobalSection
	GlobalSection(ExtensibilityGlobals) = postSolution
		SolutionGuid = {4EF5DEE9-0FB6-4DBF-B23E-08545B96BF48}
	EndGlobalSection
EndGlobal
